
Microsoft Visual Studio Solution File, Format Version 12.00
# Visual Studio Version 17
VisualStudioVersion = 17.9.34622.214
MinimumVisualStudioVersion = 10.0.40219.1
Project("{FAE04EC0-301F-11D3-BF4B-00C04F79EFBC}") = "Week8EpicGame", "Week8EpicGame\Week8EpicGame.csproj", "{37E32434-0C3B-40B7-8ECF-D39A57A10CFB}"
EndProject
Global
	GlobalSection(SolutionConfigurationPlatforms) = preSolution
		Debug|Any CPU = Debug|Any CPU
		Release|Any CPU = Release|Any CPU
	EndGlobalSection
	GlobalSection(ProjectConfigurationPlatforms) = postSolution
		{37E32434-0C3B-40B7-8ECF-D39A57A10CFB}.Debug|Any CPU.ActiveCfg = Debug|Any CPU
		{37E32434-0C3B-40B7-8ECF-D39A57A10CFB}.Debug|Any CPU.Build.0 = Debug|Any CPU
		{37E32434-0C3B-40B7-8ECF-D39A57A10CFB}.Release|Any CPU.ActiveCfg = Release|Any CPU
		{37E32434-0C3B-40B7-8ECF-D39A57A10CFB}.Release|Any CPU.Build.0 = Release|Any CPU
	EndGlobalSection
	GlobalSection(SolutionProperties) = preSolution
		HideSolutionNode = FALSE
	EndGlobalSection
	GlobalSection(ExtensibilityGlobals) = postSolution
		SolutionGuid = {1E4A541A-D994-41EA-A2FB-D2759E8F4B76}
	EndGlobalSection
EndGlobal
